
Microsoft Visual Studio Solution File, Format Version 12.00
# Visual Studio Version 17
VisualStudioVersion = 17.3.32819.101
MinimumVisualStudioVersion = 10.0.40219.1
Project("{D2ABAB84-BF74-430A-B69E-9DC6D40DDA17}") = "DataMining261122Topicos", "DataMining261122Topicos.dwproj", "{CF8DCE19-72B9-43F6-93F3-81F8F32EBFC2}"
EndProject
Global
	GlobalSection(SolutionConfigurationPlatforms) = preSolution
		Development|Default = Development|Default
	EndGlobalSection
	GlobalSection(ProjectConfigurationPlatforms) = postSolution
		{CF8DCE19-72B9-43F6-93F3-81F8F32EBFC2}.Development|Default.ActiveCfg = Development
		{CF8DCE19-72B9-43F6-93F3-81F8F32EBFC2}.Development|Default.Build.0 = Development
		{CF8DCE19-72B9-43F6-93F3-81F8F32EBFC2}.Development|Default.Deploy.0 = Development
	EndGlobalSection
	GlobalSection(SolutionProperties) = preSolution
		HideSolutionNode = FALSE
	EndGlobalSection
	GlobalSection(ExtensibilityGlobals) = postSolution
		SolutionGuid = {C6B75F6C-B50B-4EE4-AD36-F69D2AAFDD3A}
	EndGlobalSection
EndGlobal
